
Microsoft Visual Studio Solution File, Format Version 12.00
# Visual Studio Version 17
VisualStudioVersion = 17.9.34616.47
MinimumVisualStudioVersion = 10.0.40219.1
Project("{FAE04EC0-301F-11D3-BF4B-00C04F79EFBC}") = "ProjectZandelov", "ProjectZandelov.csproj", "{A004BC15-D1EC-4C0A-87F4-22ED3B557B05}"
EndProject
Global
	GlobalSection(SolutionConfigurationPlatforms) = preSolution
		Debug|Any CPU = Debug|Any CPU
		Release|Any CPU = Release|Any CPU
	EndGlobalSection
	GlobalSection(ProjectConfigurationPlatforms) = postSolution
		{A004BC15-D1EC-4C0A-87F4-22ED3B557B05}.Debug|Any CPU.ActiveCfg = Debug|Any CPU
		{A004BC15-D1EC-4C0A-87F4-22ED3B557B05}.Debug|Any CPU.Build.0 = Debug|Any CPU
		{A004BC15-D1EC-4C0A-87F4-22ED3B557B05}.Release|Any CPU.ActiveCfg = Release|Any CPU
		{A004BC15-D1EC-4C0A-87F4-22ED3B557B05}.Release|Any CPU.Build.0 = Release|Any CPU
	EndGlobalSection
	GlobalSection(SolutionProperties) = preSolution
		HideSolutionNode = FALSE
	EndGlobalSection
	GlobalSection(ExtensibilityGlobals) = postSolution
		SolutionGuid = {D98DB7EF-C924-4272-90BF-1E0435F6AB4A}
	EndGlobalSection
EndGlobal
